
Microsoft Visual Studio Solution File, Format Version 12.00
# Visual Studio 15
VisualStudioVersion = 15.0.28307.705
MinimumVisualStudioVersion = 10.0.40219.1
Project("{FAE04EC0-301F-11D3-BF4B-00C04F79EFBC}") = "WCF_AZ203", "WCF_AZ203\WCF_AZ203.csproj", "{A2A45B4B-F6C5-4A8F-B6AD-8481EB5337D0}"
EndProject
Project("{E24C65DC-7377-472B-9ABA-BC803B73C61A}") = "WCF_AZ2030_CARLOS", "WCF_AZ2030_CARLOS\", "{0D2788B3-F6C5-4456-8A02-2DB736F4688F}"
	ProjectSection(WebsiteProperties) = preProject
		TargetFrameworkMoniker = ".NETFramework,Version%3Dv4.6.1"
		Debug.AspNetCompiler.VirtualPath = "/localhost_50851"
		Debug.AspNetCompiler.PhysicalPath = "WCF_AZ2030_CARLOS\"
		Debug.AspNetCompiler.TargetPath = "PrecompiledWeb\localhost_50851\"
		Debug.AspNetCompiler.Updateable = "true"
		Debug.AspNetCompiler.ForceOverwrite = "true"
		Debug.AspNetCompiler.FixedNames = "false"
		Debug.AspNetCompiler.Debug = "True"
		Release.AspNetCompiler.VirtualPath = "/localhost_50851"
		Release.AspNetCompiler.PhysicalPath = "WCF_AZ2030_CARLOS\"
		Release.AspNetCompiler.TargetPath = "PrecompiledWeb\localhost_50851\"
		Release.AspNetCompiler.Updateable = "true"
		Release.AspNetCompiler.ForceOverwrite = "true"
		Release.AspNetCompiler.FixedNames = "false"
		Release.AspNetCompiler.Debug = "False"
		VWDPort = "50851"
		SlnRelativePath = "WCF_AZ2030_CARLOS\"
		DefaultWebSiteLanguage = "Visual C#"
	EndProjectSection
EndProject
Global
	GlobalSection(SolutionConfigurationPlatforms) = preSolution
		Debug|Any CPU = Debug|Any CPU
		Release|Any CPU = Release|Any CPU
	EndGlobalSection
	GlobalSection(ProjectConfigurationPlatforms) = postSolution
		{A2A45B4B-F6C5-4A8F-B6AD-8481EB5337D0}.Debug|Any CPU.ActiveCfg = Debug|Any CPU
		{A2A45B4B-F6C5-4A8F-B6AD-8481EB5337D0}.Debug|Any CPU.Build.0 = Debug|Any CPU
		{A2A45B4B-F6C5-4A8F-B6AD-8481EB5337D0}.Release|Any CPU.ActiveCfg = Release|Any CPU
		{A2A45B4B-F6C5-4A8F-B6AD-8481EB5337D0}.Release|Any CPU.Build.0 = Release|Any CPU
		{0D2788B3-F6C5-4456-8A02-2DB736F4688F}.Debug|Any CPU.ActiveCfg = Debug|Any CPU
		{0D2788B3-F6C5-4456-8A02-2DB736F4688F}.Debug|Any CPU.Build.0 = Debug|Any CPU
		{0D2788B3-F6C5-4456-8A02-2DB736F4688F}.Release|Any CPU.ActiveCfg = Debug|Any CPU
		{0D2788B3-F6C5-4456-8A02-2DB736F4688F}.Release|Any CPU.Build.0 = Debug|Any CPU
	EndGlobalSection
	GlobalSection(SolutionProperties) = preSolution
		HideSolutionNode = FALSE
	EndGlobalSection
	GlobalSection(ExtensibilityGlobals) = postSolution
		SolutionGuid = {A5326FCC-7206-44B4-8A95-788E0712B541}
	EndGlobalSection
EndGlobal
